
Microsoft Visual Studio Solution File, Format Version 12.00
# Visual Studio 15
VisualStudioVersion = 15.0.27130.2026
MinimumVisualStudioVersion = 10.0.40219.1
Project("{8BC9CEB8-8B4A-11D0-8D11-00A0C91BC942}") = "ExtIO_LimeSDR", "ExtIO_LimeSDR\ExtIO_LimeSDR.vcxproj", "{6D82EE51-79ED-41AD-803D-306A7CA077B3}"
EndProject
Global
	GlobalSection(SolutionConfigurationPlatforms) = preSolution
		Debug|x64 = Debug|x64
		Debug|x86 = Debug|x86
		Release|x64 = Release|x64
		Release|x86 = Release|x86
	EndGlobalSection
	GlobalSection(ProjectConfigurationPlatforms) = postSolution
		{6D82EE51-79ED-41AD-803D-306A7CA077B3}.Debug|x64.ActiveCfg = Debug|x64
		{6D82EE51-79ED-41AD-803D-306A7CA077B3}.Debug|x64.Build.0 = Debug|x64
		{6D82EE51-79ED-41AD-803D-306A7CA077B3}.Debug|x86.ActiveCfg = Debug|Win32
		{6D82EE51-79ED-41AD-803D-306A7CA077B3}.Debug|x86.Build.0 = Debug|Win32
		{6D82EE51-79ED-41AD-803D-306A7CA077B3}.Release|x64.ActiveCfg = Release|x64
		{6D82EE51-79ED-41AD-803D-306A7CA077B3}.Release|x64.Build.0 = Release|x64
		{6D82EE51-79ED-41AD-803D-306A7CA077B3}.Release|x86.ActiveCfg = Release|Win32
		{6D82EE51-79ED-41AD-803D-306A7CA077B3}.Release|x86.Build.0 = Release|Win32
	EndGlobalSection
	GlobalSection(SolutionProperties) = preSolution
		HideSolutionNode = FALSE
	EndGlobalSection
	GlobalSection(ExtensibilityGlobals) = postSolution
		SolutionGuid = {9240E828-21D1-4073-A642-5B2E71D99889}
	EndGlobalSection
EndGlobal
